
Microsoft Visual Studio Solution File, Format Version 12.00
# Visual Studio Version 17
VisualStudioVersion = 17.4.33205.214
MinimumVisualStudioVersion = 10.0.40219.1
Project("{FAE04EC0-301F-11D3-BF4B-00C04F79EFBC}") = "NewTalents", "NewTalents.csproj", "{58A197B4-4F49-400D-836B-8CFFF4FFA41D}"
EndProject
Project("{FAE04EC0-301F-11D3-BF4B-00C04F79EFBC}") = "TestNewTalents", "..\TestNewTalents\TestNewTalents.csproj", "{F9D5D35E-B3E1-4334-87F4-C3CDDB1915C1}"
EndProject
Global
	GlobalSection(SolutionConfigurationPlatforms) = preSolution
		Debug|Any CPU = Debug|Any CPU
		Release|Any CPU = Release|Any CPU
	EndGlobalSection
	GlobalSection(ProjectConfigurationPlatforms) = postSolution
		{58A197B4-4F49-400D-836B-8CFFF4FFA41D}.Debug|Any CPU.ActiveCfg = Debug|Any CPU
		{58A197B4-4F49-400D-836B-8CFFF4FFA41D}.Debug|Any CPU.Build.0 = Debug|Any CPU
		{58A197B4-4F49-400D-836B-8CFFF4FFA41D}.Release|Any CPU.ActiveCfg = Release|Any CPU
		{58A197B4-4F49-400D-836B-8CFFF4FFA41D}.Release|Any CPU.Build.0 = Release|Any CPU
		{F9D5D35E-B3E1-4334-87F4-C3CDDB1915C1}.Debug|Any CPU.ActiveCfg = Debug|Any CPU
		{F9D5D35E-B3E1-4334-87F4-C3CDDB1915C1}.Debug|Any CPU.Build.0 = Debug|Any CPU
		{F9D5D35E-B3E1-4334-87F4-C3CDDB1915C1}.Release|Any CPU.ActiveCfg = Release|Any CPU
		{F9D5D35E-B3E1-4334-87F4-C3CDDB1915C1}.Release|Any CPU.Build.0 = Release|Any CPU
	EndGlobalSection
	GlobalSection(SolutionProperties) = preSolution
		HideSolutionNode = FALSE
	EndGlobalSection
	GlobalSection(ExtensibilityGlobals) = postSolution
		SolutionGuid = {2D6F23BE-939B-4E14-9814-5FDB60A5C2B4}
	EndGlobalSection
EndGlobal
