
Microsoft Visual Studio Solution File, Format Version 12.00
# Visual Studio Version 17
VisualStudioVersion = 17.10.34916.146
MinimumVisualStudioVersion = 10.0.40219.1
Project("{FAE04EC0-301F-11D3-BF4B-00C04F79EFBC}") = "NewTalents", "NewTalents.csproj", "{C40BFFD8-F55F-4AF9-A30A-6E322B01EFDC}"
EndProject
Project("{FAE04EC0-301F-11D3-BF4B-00C04F79EFBC}") = "TestNewTalents", "..\TestNewTalents\TestNewTalents.csproj", "{F0907BCC-D189-443B-9478-CD987F8F18EF}"
EndProject
Global
	GlobalSection(SolutionConfigurationPlatforms) = preSolution
		Debug|Any CPU = Debug|Any CPU
		Release|Any CPU = Release|Any CPU
	EndGlobalSection
	GlobalSection(ProjectConfigurationPlatforms) = postSolution
		{C40BFFD8-F55F-4AF9-A30A-6E322B01EFDC}.Debug|Any CPU.ActiveCfg = Debug|Any CPU
		{C40BFFD8-F55F-4AF9-A30A-6E322B01EFDC}.Debug|Any CPU.Build.0 = Debug|Any CPU
		{C40BFFD8-F55F-4AF9-A30A-6E322B01EFDC}.Release|Any CPU.ActiveCfg = Release|Any CPU
		{C40BFFD8-F55F-4AF9-A30A-6E322B01EFDC}.Release|Any CPU.Build.0 = Release|Any CPU
		{F0907BCC-D189-443B-9478-CD987F8F18EF}.Debug|Any CPU.ActiveCfg = Debug|Any CPU
		{F0907BCC-D189-443B-9478-CD987F8F18EF}.Debug|Any CPU.Build.0 = Debug|Any CPU
		{F0907BCC-D189-443B-9478-CD987F8F18EF}.Release|Any CPU.ActiveCfg = Release|Any CPU
		{F0907BCC-D189-443B-9478-CD987F8F18EF}.Release|Any CPU.Build.0 = Release|Any CPU
	EndGlobalSection
	GlobalSection(SolutionProperties) = preSolution
		HideSolutionNode = FALSE
	EndGlobalSection
	GlobalSection(ExtensibilityGlobals) = postSolution
		SolutionGuid = {5FDB2360-088B-4A7B-94CC-A9532C77B062}
	EndGlobalSection
EndGlobal
